# THIS IS AN AUTOGENERATED FILE. DO NOT EDIT THIS FILE DIRECTLY.
# yarn lockfile v1


deep-object-diff@^1.1.9:
  version "1.1.9"
  resolved "https://registry.yarnpkg.com/deep-object-diff/-/deep-object-diff-1.1.9.tgz#6df7ef035ad6a0caa44479c536ed7b02570f4595"
  integrity sha512-Rn+RuwkmkDwCi2/oXOFS9Gsr5lJZu/yTGpK7wAaAIE75CC+LCGEZHpY6VQJa/RoJcrmaA/docWJZvYohlNkWPA==

murmurhash@^2.0.1:
  version "2.0.1"
  resolved "https://registry.yarnpkg.com/murmurhash/-/murmurhash-2.0.1.tgz#4097720e08cf978872194ad84ea5be2dec9b610f"
  integrity sha512-5vQEh3y+DG/lMPM0mCGPDnyV8chYg/g7rl6v3Gd8WMF9S429ox3Xk8qrk174kWhG767KQMqqxLD1WnGd77hiew==

typescript@^5.3.2:
  version "5.3.2"
  resolved "https://registry.yarnpkg.com/typescript/-/typescript-5.3.2.tgz#00d1c7c1c46928c5845c1ee8d0cc2791031d4c43"
  integrity sha512-6l+RyNy7oAHDfxC4FzSJcz9vnjTKxrLpDG5M2Vu4SHRVNg6xzqZp6LYSR9zjqQTu8DU/f5xwxUdADOkbrIX2gQ==
